Microsoft Visual Studio Solution File, Format Version 12.00
# Visual Studio Version 17
VisualStudioVersion = 17.5.2.0
MinimumVisualStudioVersion = 10.0.40219.1
Project("{FAE04EC0-301F-11D3-BF4B-00C04F79EFBC}") = "FormulaOne.ChatService", "FormulaOne.ChatService.csproj", "{235594A9-6460-F2F4-BDCD-7CDB89F32E6E}"
EndProject
Global
	GlobalSection(SolutionConfigurationPlatforms) = preSolution
		Debug|Any CPU = Debug|Any CPU
		Release|Any CPU = Release|Any CPU
	EndGlobalSection
	GlobalSection(ProjectConfigurationPlatforms) = postSolution
		{235594A9-6460-F2F4-BDCD-7CDB89F32E6E}.Debug|Any CPU.ActiveCfg = Debug|Any CPU
		{235594A9-6460-F2F4-BDCD-7CDB89F32E6E}.Debug|Any CPU.Build.0 = Debug|Any CPU
		{235594A9-6460-F2F4-BDCD-7CDB89F32E6E}.Release|Any CPU.ActiveCfg = Release|Any CPU
		{235594A9-6460-F2F4-BDCD-7CDB89F32E6E}.Release|Any CPU.Build.0 = Release|Any CPU
	EndGlobalSection
	GlobalSection(SolutionProperties) = preSolution
		HideSolutionNode = FALSE
	EndGlobalSection
	GlobalSection(ExtensibilityGlobals) = postSolution
		SolutionGuid = {7B06B945-8836-4600-8364-1F16F17AB9E5}
	EndGlobalSection
EndGlobal
